
Microsoft Visual Studio Solution File, Format Version 12.00
# Visual Studio Version 17
VisualStudioVersion = 17.3.32929.385
MinimumVisualStudioVersion = 10.0.40219.1
Project("{FAE04EC0-301F-11D3-BF4B-00C04F79EFBC}") = "Project 3 v3", "Project 3 v3\Project 3 v3.csproj", "{8B038EE1-82D2-4D5F-BAFE-D1B627648BEA}"
EndProject
Global
	GlobalSection(SolutionConfigurationPlatforms) = preSolution
		Debug|Any CPU = Debug|Any CPU
		Release|Any CPU = Release|Any CPU
	EndGlobalSection
	GlobalSection(ProjectConfigurationPlatforms) = postSolution
		{8B038EE1-82D2-4D5F-BAFE-D1B627648BEA}.Debug|Any CPU.ActiveCfg = Debug|Any CPU
		{8B038EE1-82D2-4D5F-BAFE-D1B627648BEA}.Debug|Any CPU.Build.0 = Debug|Any CPU
		{8B038EE1-82D2-4D5F-BAFE-D1B627648BEA}.Release|Any CPU.ActiveCfg = Release|Any CPU
		{8B038EE1-82D2-4D5F-BAFE-D1B627648BEA}.Release|Any CPU.Build.0 = Release|Any CPU
	EndGlobalSection
	GlobalSection(SolutionProperties) = preSolution
		HideSolutionNode = FALSE
	EndGlobalSection
	GlobalSection(ExtensibilityGlobals) = postSolution
		SolutionGuid = {CD00462F-F8E9-42EE-AB11-CF2F930093BE}
	EndGlobalSection
EndGlobal
